
Microsoft Visual Studio Solution File, Format Version 12.00
# Visual Studio Version 17
VisualStudioVersion = 17.11.35222.181
MinimumVisualStudioVersion = 10.0.40219.1
Project("{FAE04EC0-301F-11D3-BF4B-00C04F79EFBC}") = "GerenciamentoDeFuncionarios", "GerenciamentoDeFuncionarios.csproj", "{2F50E7A9-BA70-4A01-96E1-9149460A4982}"
EndProject
Global
	GlobalSection(SolutionConfigurationPlatforms) = preSolution
		Debug|Any CPU = Debug|Any CPU
		Release|Any CPU = Release|Any CPU
	EndGlobalSection
	GlobalSection(ProjectConfigurationPlatforms) = postSolution
		{2F50E7A9-BA70-4A01-96E1-9149460A4982}.Debug|Any CPU.ActiveCfg = Debug|Any CPU
		{2F50E7A9-BA70-4A01-96E1-9149460A4982}.Debug|Any CPU.Build.0 = Debug|Any CPU
		{2F50E7A9-BA70-4A01-96E1-9149460A4982}.Release|Any CPU.ActiveCfg = Release|Any CPU
		{2F50E7A9-BA70-4A01-96E1-9149460A4982}.Release|Any CPU.Build.0 = Release|Any CPU
	EndGlobalSection
	GlobalSection(SolutionProperties) = preSolution
		HideSolutionNode = FALSE
	EndGlobalSection
	GlobalSection(ExtensibilityGlobals) = postSolution
		SolutionGuid = {4F7F2E81-8C93-4ED2-A220-9E42127D7AAF}
	EndGlobalSection
EndGlobal
