
Microsoft Visual Studio Solution File, Format Version 12.00
# Visual Studio Version 17
VisualStudioVersion = 17.11.35222.181
MinimumVisualStudioVersion = 10.0.40219.1
Project("{FAE04EC0-301F-11D3-BF4B-00C04F79EFBC}") = "EmissaoDePassagem", "EmissaoDePassagem.csproj", "{CEAB0ACC-914E-4B55-AD54-90BC9E55BC72}"
EndProject
Global
	GlobalSection(SolutionConfigurationPlatforms) = preSolution
		Debug|Any CPU = Debug|Any CPU
		Release|Any CPU = Release|Any CPU
	EndGlobalSection
	GlobalSection(ProjectConfigurationPlatforms) = postSolution
		{CEAB0ACC-914E-4B55-AD54-90BC9E55BC72}.Debug|Any CPU.ActiveCfg = Debug|Any CPU
		{CEAB0ACC-914E-4B55-AD54-90BC9E55BC72}.Debug|Any CPU.Build.0 = Debug|Any CPU
		{CEAB0ACC-914E-4B55-AD54-90BC9E55BC72}.Release|Any CPU.ActiveCfg = Release|Any CPU
		{CEAB0ACC-914E-4B55-AD54-90BC9E55BC72}.Release|Any CPU.Build.0 = Release|Any CPU
	EndGlobalSection
	GlobalSection(SolutionProperties) = preSolution
		HideSolutionNode = FALSE
	EndGlobalSection
	GlobalSection(ExtensibilityGlobals) = postSolution
		SolutionGuid = {CD03B06C-D41D-4E28-826C-810D1CF0BBA2}
	EndGlobalSection
EndGlobal
